
Microsoft Visual Studio Solution File, Format Version 11.00
# Visual Studio 2010
Project("{8BC9CEB8-8B4A-11D0-8D11-00A0C91BC942}") = "Sample", "Sample\Sample.vcxproj", "{1E489203-EA7F-47C2-AD56-455186E6FC08}"
	ProjectSection(ProjectDependencies) = postProject
		{FC88623F-B3FC-4C32-AB3B-DC620AC807C9} = {FC88623F-B3FC-4C32-AB3B-DC620AC807C9}
	EndProjectSection
EndProject
Project("{8BC9CEB8-8B4A-11D0-8D11-00A0C91BC942}") = "OpenIRT", "OpenIRT\OpenIRT.vcxproj", "{FC88623F-B3FC-4C32-AB3B-DC620AC807C9}"
EndProject
Project("{8BC9CEB8-8B4A-11D0-8D11-00A0C91BC942}") = "SampleMFC", "SampleMFC\SampleMFC.vcxproj", "{CE251D02-B89F-46EA-A046-B74B1B750931}"
EndProject
Global
	GlobalSection(SolutionConfigurationPlatforms) = preSolution
		Debug|Win32 = Debug|Win32
		Debug|x64 = Debug|x64
		Release|Win32 = Release|Win32
		Release|x64 = Release|x64
	EndGlobalSection
	GlobalSection(ProjectConfigurationPlatforms) = postSolution
		{1E489203-EA7F-47C2-AD56-455186E6FC08}.Debug|Win32.ActiveCfg = Debug|Win32
		{1E489203-EA7F-47C2-AD56-455186E6FC08}.Debug|Win32.Build.0 = Debug|Win32
		{1E489203-EA7F-47C2-AD56-455186E6FC08}.Debug|x64.ActiveCfg = Debug|x64
		{1E489203-EA7F-47C2-AD56-455186E6FC08}.Debug|x64.Build.0 = Debug|x64
		{1E489203-EA7F-47C2-AD56-455186E6FC08}.Release|Win32.ActiveCfg = Release|Win32
		{1E489203-EA7F-47C2-AD56-455186E6FC08}.Release|Win32.Build.0 = Release|Win32
		{1E489203-EA7F-47C2-AD56-455186E6FC08}.Release|x64.ActiveCfg = Release|x64
		{1E489203-EA7F-47C2-AD56-455186E6FC08}.Release|x64.Build.0 = Release|x64
		{FC88623F-B3FC-4C32-AB3B-DC620AC807C9}.Debug|Win32.ActiveCfg = Debug|Win32
		{FC88623F-B3FC-4C32-AB3B-DC620AC807C9}.Debug|Win32.Build.0 = Debug|Win32
		{FC88623F-B3FC-4C32-AB3B-DC620AC807C9}.Debug|x64.ActiveCfg = Debug|x64
		{FC88623F-B3FC-4C32-AB3B-DC620AC807C9}.Debug|x64.Build.0 = Debug|x64
		{FC88623F-B3FC-4C32-AB3B-DC620AC807C9}.Release|Win32.ActiveCfg = Release|Win32
		{FC88623F-B3FC-4C32-AB3B-DC620AC807C9}.Release|Win32.Build.0 = Release|Win32
		{FC88623F-B3FC-4C32-AB3B-DC620AC807C9}.Release|x64.ActiveCfg = Release|x64
		{FC88623F-B3FC-4C32-AB3B-DC620AC807C9}.Release|x64.Build.0 = Release|x64
		{CE251D02-B89F-46EA-A046-B74B1B750931}.Debug|Win32.ActiveCfg = Debug|Win32
		{CE251D02-B89F-46EA-A046-B74B1B750931}.Debug|Win32.Build.0 = Debug|Win32
		{CE251D02-B89F-46EA-A046-B74B1B750931}.Debug|x64.ActiveCfg = Debug|x64
		{CE251D02-B89F-46EA-A046-B74B1B750931}.Debug|x64.Build.0 = Debug|x64
		{CE251D02-B89F-46EA-A046-B74B1B750931}.Release|Win32.ActiveCfg = Release|Win32
		{CE251D02-B89F-46EA-A046-B74B1B750931}.Release|Win32.Build.0 = Release|Win32
		{CE251D02-B89F-46EA-A046-B74B1B750931}.Release|x64.ActiveCfg = Release|x64
		{CE251D02-B89F-46EA-A046-B74B1B750931}.Release|x64.Build.0 = Release|x64
	EndGlobalSection
	GlobalSection(SolutionProperties) = preSolution
		HideSolutionNode = FALSE
	EndGlobalSection
EndGlobal
