
Microsoft Visual Studio Solution File, Format Version 11.00
# Visual Studio 2010
Project("{FAE04EC0-301F-11D3-BF4B-00C04F79EFBC}") = "EZBuilder", "EZBuilder\EZBuilder.csproj", "{6A07C352-2051-4E77-88E4-1991C6C6D5AD}"
EndProject
Global
	GlobalSection(SolutionConfigurationPlatforms) = preSolution
		Debug|x86 = Debug|x86
		Release|x86 = Release|x86
	EndGlobalSection
	GlobalSection(ProjectConfigurationPlatforms) = postSolution
		{6A07C352-2051-4E77-88E4-1991C6C6D5AD}.Debug|x86.ActiveCfg = Debug|x86
		{6A07C352-2051-4E77-88E4-1991C6C6D5AD}.Debug|x86.Build.0 = Debug|x86
		{6A07C352-2051-4E77-88E4-1991C6C6D5AD}.Release|x86.ActiveCfg = Release|x86
		{6A07C352-2051-4E77-88E4-1991C6C6D5AD}.Release|x86.Build.0 = Release|x86
	EndGlobalSection
	GlobalSection(SolutionProperties) = preSolution
		HideSolutionNode = FALSE
	EndGlobalSection
EndGlobal
