<?xml version="1.0" encoding="utf-8"?>
<Project ToolsVersion="4.0" xmlns="http://schemas.microsoft.com/developer/msbuild/2003">
  <ItemGroup>
    <Filter Include="Header Files">
      <UniqueIdentifier>{418c5051-0271-447b-bfe0-c27ca573dbf5}</UniqueIdentifier>
    </Filter>
    <Filter Include="Source Files">
      <UniqueIdentifier>{07f3f9a1-020a-4535-8aac-a7aaa50c4400}</UniqueIdentifier>
    </Filter>
    <Filter Include="CUDA">
      <UniqueIdentifier>{a9f3f349-f7d9-42c1-afc6-feb53264fc96}</UniqueIdentifier>
    </Filter>
    <Filter Include="Model">
      <UniqueIdentifier>{23ba990d-c125-489a-b95d-d8c05db2f0ca}</UniqueIdentifier>
    </Filter>
    <Filter Include="Renderer">
      <UniqueIdentifier>{bf32ba5b-04bb-48fa-b7cb-92045a583715}</UniqueIdentifier>
    </Filter>
    <Filter Include="Utils">
      <UniqueIdentifier>{a0ce5464-6634-47f7-9d4b-a5711980d18e}</UniqueIdentifier>
    </Filter>
    <Filter Include="Data Structure">
      <UniqueIdentifier>{6e9813da-434e-4d74-ae43-b1ace8c24f54}</UniqueIdentifier>
    </Filter>
  </ItemGroup>
  <ItemGroup>
    <ClCompile Include="src\BitmapTexture.cpp">
      <Filter>Source Files</Filter>
    </ClCompile>
    <ClCompile Include="src\handler.cpp">
      <Filter>Source Files</Filter>
    </ClCompile>
    <ClCompile Include="src\OpenIRT.cpp">
      <Filter>Source Files</Filter>
    </ClCompile>
    <ClCompile Include="src\TextureManager.cpp">
      <Filter>Source Files</Filter>
    </ClCompile>
    <ClCompile Include="src\CUDAPathTracer.cpp">
      <Filter>Renderer</Filter>
    </ClCompile>
    <ClCompile Include="src\CUDAPhotonMapping.cpp">
      <Filter>Renderer</Filter>
    </ClCompile>
    <ClCompile Include="src\CUDARayTracer.cpp">
      <Filter>Renderer</Filter>
    </ClCompile>
    <ClCompile Include="src\CPURayTracer.cpp">
      <Filter>Renderer</Filter>
    </ClCompile>
    <ClCompile Include="src\GLDebugging.cpp">
      <Filter>Renderer</Filter>
    </ClCompile>
    <ClCompile Include="src\TReX.cpp">
      <Filter>Renderer</Filter>
    </ClCompile>
    <ClCompile Include="src\OBJLoader.cpp">
      <Filter>Utils</Filter>
    </ClCompile>
    <ClCompile Include="src\Camera.cpp">
      <Filter>Model</Filter>
    </ClCompile>
    <ClCompile Include="src\HCCMesh.cpp">
      <Filter>Model</Filter>
    </ClCompile>
    <ClCompile Include="src\HCCMesh2.cpp">
      <Filter>Model</Filter>
    </ClCompile>
    <ClCompile Include="src\Model.cpp">
      <Filter>Model</Filter>
    </ClCompile>
    <ClCompile Include="src\Scene.cpp">
      <Filter>Model</Filter>
    </ClCompile>
    <ClCompile Include="src\SceneNode.cpp">
      <Filter>Model</Filter>
    </ClCompile>
    <ClCompile Include="src\stopwatch_win.cpp">
      <Filter>Utils</Filter>
    </ClCompile>
    <ClCompile Include="src\stopwatch.cpp">
      <Filter>Utils</Filter>
    </ClCompile>
    <ClCompile Include="src\HitPointInfo.cpp">
      <Filter>Data Structure</Filter>
    </ClCompile>
    <ClCompile Include="src\Octree.cpp">
      <Filter>Data Structure</Filter>
    </ClCompile>
    <ClCompile Include="src\OOCVoxelManager.cpp">
      <Filter>Data Structure</Filter>
    </ClCompile>
    <ClCompile Include="src\PhotonOctree.cpp">
      <Filter>Data Structure</Filter>
    </ClCompile>
    <ClCompile Include="src\GeometryConverter.cpp">
      <Filter>Utils</Filter>
    </ClCompile>
    <ClCompile Include="src\Saliency.cpp">
      <Filter>Utils</Filter>
    </ClCompile>
    <ClCompile Include="src\ImageFilter.cpp">
      <Filter>Utils</Filter>
    </ClCompile>
    <ClCompile Include="src\Voxel.cpp">
      <Filter>Data Structure</Filter>
    </ClCompile>
    <ClCompile Include="src\SimpleRasterizer.cpp">
      <Filter>Renderer</Filter>
    </ClCompile>
    <ClCompile Include="src\GBufferFilter.cpp">
      <Filter>Utils</Filter>
    </ClCompile>
    <ClCompile Include="src\Material.cpp">
      <Filter>Data Structure</Filter>
    </ClCompile>
    <ClCompile Include="src\FileMapper.cpp">
      <Filter>Source Files</Filter>
    </ClCompile>
    <ClCompile Include="src\LRUManager.cpp">
      <Filter>Source Files</Filter>
    </ClCompile>
    <ClCompile Include="src\Matrix.cpp">
      <Filter>Source Files</Filter>
    </ClCompile>
    <ClCompile Include="src\ImageIL.cpp">
      <Filter>Source Files</Filter>
    </ClCompile>
    <ClCompile Include="src\Image.cpp">
      <Filter>Source Files</Filter>
    </ClCompile>
    <ClCompile Include="src\shaders.cpp">
      <Filter>Renderer</Filter>
    </ClCompile>
    <ClCompile Include="src\OpenGLModel.cpp">
      <Filter>Model</Filter>
    </ClCompile>
    <ClCompile Include="src\GLAdapter.cpp">
      <Filter>Renderer</Filter>
    </ClCompile>
    <ClCompile Include="src\BVHBuilder.cpp">
      <Filter>Utils</Filter>
    </ClCompile>
    <ClCompile Include="src\PLYLoader.cpp">
      <Filter>Utils</Filter>
    </ClCompile>
    <ClCompile Include="src\ply.cpp">
      <Filter>Utils</Filter>
    </ClCompile>
  </ItemGroup>
  <ItemGroup>
    <ClInclude Include="include\asm_intersect_onetri_pluecker.h">
      <Filter>Header Files</Filter>
    </ClInclude>
    <ClInclude Include="include\BitmapTexture.h">
      <Filter>Header Files</Filter>
    </ClInclude>
    <ClInclude Include="include\BV.h">
      <Filter>Header Files</Filter>
    </ClInclude>
    <ClInclude Include="include\BVHNode.h">
      <Filter>Header Files</Filter>
    </ClInclude>
    <ClInclude Include="include\Camera.h">
      <Filter>Header Files</Filter>
    </ClInclude>
    <ClInclude Include="include\CommonHeaders.h">
      <Filter>Header Files</Filter>
    </ClInclude>
    <ClInclude Include="include\CPURayTracer.h">
      <Filter>Header Files</Filter>
    </ClInclude>
    <ClInclude Include="include\CUDAPathTracer.h">
      <Filter>Header Files</Filter>
    </ClInclude>
    <ClInclude Include="include\CUDAPhotonMapping.h">
      <Filter>Header Files</Filter>
    </ClInclude>
    <ClInclude Include="include\CUDARayTracer.h">
      <Filter>Header Files</Filter>
    </ClInclude>
    <ClInclude Include="include\defines.h">
      <Filter>Header Files</Filter>
    </ClInclude>
    <ClInclude Include="include\Emitter.h">
      <Filter>Header Files</Filter>
    </ClInclude>
    <ClInclude Include="include\Face.h">
      <Filter>Header Files</Filter>
    </ClInclude>
    <ClInclude Include="include\Files.h">
      <Filter>Header Files</Filter>
    </ClInclude>
    <ClInclude Include="include\FrustumCulling.h">
      <Filter>Header Files</Filter>
    </ClInclude>
    <ClInclude Include="include\GBufferFilter.h">
      <Filter>Header Files</Filter>
    </ClInclude>
    <ClInclude Include="include\GeometryConverter.h">
      <Filter>Header Files</Filter>
    </ClInclude>
    <ClInclude Include="include\GLDebugging.h">
      <Filter>Header Files</Filter>
    </ClInclude>
    <ClInclude Include="include\GroupInfo.h">
      <Filter>Header Files</Filter>
    </ClInclude>
    <ClInclude Include="include\handler.h">
      <Filter>Header Files</Filter>
    </ClInclude>
    <ClInclude Include="include\HCCMesh.h">
      <Filter>Header Files</Filter>
    </ClInclude>
    <ClInclude Include="include\HCCMesh2.h">
      <Filter>Header Files</Filter>
    </ClInclude>
    <ClInclude Include="include\HitPointInfo.h">
      <Filter>Header Files</Filter>
    </ClInclude>
    <ClInclude Include="include\HSaliency.h">
      <Filter>Header Files</Filter>
    </ClInclude>
    <ClInclude Include="include\Image.h">
      <Filter>Header Files</Filter>
    </ClInclude>
    <ClInclude Include="include\ImageFilter.h">
      <Filter>Header Files</Filter>
    </ClInclude>
    <ClInclude Include="include\Material.h">
      <Filter>Header Files</Filter>
    </ClInclude>
    <ClInclude Include="include\Model.h">
      <Filter>Header Files</Filter>
    </ClInclude>
    <ClInclude Include="include\OBJLoader.h">
      <Filter>Header Files</Filter>
    </ClInclude>
    <ClInclude Include="include\Octree.h">
      <Filter>Header Files</Filter>
    </ClInclude>
    <ClInclude Include="include\OOCVoxelManager.h">
      <Filter>Header Files</Filter>
    </ClInclude>
    <ClInclude Include="include\OpenIRT.h">
      <Filter>Header Files</Filter>
    </ClInclude>
    <ClInclude Include="include\Parallelogram.h">
      <Filter>Header Files</Filter>
    </ClInclude>
    <ClInclude Include="include\Photon.h">
      <Filter>Header Files</Filter>
    </ClInclude>
    <ClInclude Include="include\PhotonOctree.h">
      <Filter>Header Files</Filter>
    </ClInclude>
    <ClInclude Include="include\Plane.h">
      <Filter>Header Files</Filter>
    </ClInclude>
    <ClInclude Include="include\random.h">
      <Filter>Header Files</Filter>
    </ClInclude>
    <ClInclude Include="include\Ray.h">
      <Filter>Header Files</Filter>
    </ClInclude>
    <ClInclude Include="include\RayPacket.h">
      <Filter>Header Files</Filter>
    </ClInclude>
    <ClInclude Include="include\Renderer.h">
      <Filter>Header Files</Filter>
    </ClInclude>
    <ClInclude Include="include\Saliency.h">
      <Filter>Header Files</Filter>
    </ClInclude>
    <ClInclude Include="include\Sampler.h">
      <Filter>Header Files</Filter>
    </ClInclude>
    <ClInclude Include="include\Scene.h">
      <Filter>Header Files</Filter>
    </ClInclude>
    <ClInclude Include="include\SceneNode.h">
      <Filter>Header Files</Filter>
    </ClInclude>
    <ClInclude Include="include\SIMDRay.h">
      <Filter>Header Files</Filter>
    </ClInclude>
    <ClInclude Include="include\SimpleRasterizer.h">
      <Filter>Header Files</Filter>
    </ClInclude>
    <ClInclude Include="include\stopwatch.h">
      <Filter>Header Files</Filter>
    </ClInclude>
    <ClInclude Include="include\stopwatch_base.h">
      <Filter>Header Files</Filter>
    </ClInclude>
    <ClInclude Include="include\stopwatch_linux.h">
      <Filter>Header Files</Filter>
    </ClInclude>
    <ClInclude Include="include\stopwatch_win.h">
      <Filter>Header Files</Filter>
    </ClInclude>
    <ClInclude Include="include\TextureManager.h">
      <Filter>Header Files</Filter>
    </ClInclude>
    <ClInclude Include="include\TReX.h">
      <Filter>Header Files</Filter>
    </ClInclude>
    <ClInclude Include="include\Triangle.h">
      <Filter>Header Files</Filter>
    </ClInclude>
    <ClInclude Include="include\updateSIMDHitpoints.h">
      <Filter>Header Files</Filter>
    </ClInclude>
    <ClInclude Include="include\Vertex.h">
      <Filter>Header Files</Filter>
    </ClInclude>
    <ClInclude Include="include\Voxel.h">
      <Filter>Header Files</Filter>
    </ClInclude>
    <ClInclude Include="include\Voxelize.h">
      <Filter>Header Files</Filter>
    </ClInclude>
    <ClInclude Include="include\select.h">
      <Filter>Header Files</Filter>
    </ClInclude>
    <ClInclude Include="include\CommonOptions.h">
      <Filter>Header Files</Filter>
    </ClInclude>
    <ClInclude Include="include\LRUElem.h">
      <Filter>Header Files</Filter>
    </ClInclude>
    <ClInclude Include="include\LRUManager.h">
      <Filter>Header Files</Filter>
    </ClInclude>
    <ClInclude Include="include\Mathdefines.h">
      <Filter>Header Files</Filter>
    </ClInclude>
    <ClInclude Include="include\Matrix.h">
      <Filter>Header Files</Filter>
    </ClInclude>
    <ClInclude Include="include\MemoryCleaner.h">
      <Filter>Header Files</Filter>
    </ClInclude>
    <ClInclude Include="include\RGB.h">
      <Filter>Header Files</Filter>
    </ClInclude>
    <ClInclude Include="include\tinystr.h">
      <Filter>Header Files</Filter>
    </ClInclude>
    <ClInclude Include="include\tinyxml.h">
      <Filter>Header Files</Filter>
    </ClInclude>
    <ClInclude Include="include\Vector2.h">
      <Filter>Header Files</Filter>
    </ClInclude>
    <ClInclude Include="include\Vector3.h">
      <Filter>Header Files</Filter>
    </ClInclude>
    <ClInclude Include="include\Vector4.h">
      <Filter>Header Files</Filter>
    </ClInclude>
    <ClInclude Include="include\WinLock.h">
      <Filter>Header Files</Filter>
    </ClInclude>
    <ClInclude Include="include\FileMapper.h">
      <Filter>Header Files</Filter>
    </ClInclude>
    <ClInclude Include="include\controls.h">
      <Filter>Header Files</Filter>
    </ClInclude>
    <ClInclude Include="include\ImageIL.h">
      <Filter>Header Files</Filter>
    </ClInclude>
    <ClInclude Include="include\OpenGLModel.h">
      <Filter>Header Files</Filter>
    </ClInclude>
    <ClInclude Include="include\GLAdapter.h">
      <Filter>Header Files</Filter>
    </ClInclude>
    <ClInclude Include="include\BVHBuilder.h">
      <Filter>Header Files</Filter>
    </ClInclude>
    <ClInclude Include="include\PLYLoader.h">
      <Filter>Header Files</Filter>
    </ClInclude>
    <ClInclude Include="include\ply.h">
      <Filter>Header Files</Filter>
    </ClInclude>
  </ItemGroup>
  <ItemGroup>
    <None Include="include\stopwatch_base.inl">
      <Filter>Header Files</Filter>
    </None>
  </ItemGroup>
  <ItemGroup>
    <CudaCompile Include="src\CUDA\CUDAFilter.cu">
      <Filter>CUDA</Filter>
    </CudaCompile>
    <CudaCompile Include="src\CUDA\CUDAPathTracer.cu">
      <Filter>CUDA</Filter>
    </CudaCompile>
    <CudaCompile Include="src\CUDA\CUDAPhotonMapping.cu">
      <Filter>CUDA</Filter>
    </CudaCompile>
    <CudaCompile Include="src\CUDA\CUDARayTracer.cu">
      <Filter>CUDA</Filter>
    </CudaCompile>
    <CudaCompile Include="src\CUDA\CUDATReX.cu">
      <Filter>CUDA</Filter>
    </CudaCompile>
  </ItemGroup>
</Project>