<?xml version="1.0" encoding="utf-8"?>
<Project ToolsVersion="4.0" xmlns="http://schemas.microsoft.com/developer/msbuild/2003">
  <ItemGroup>
    <Filter Include="Source Files">
      <UniqueIdentifier>{4FC737F1-C7A5-4376-A066-2A32D752A2FF}</UniqueIdentifier>
      <Extensions>cpp;c;cxx;def;odl;idl;hpj;bat;asm;asmx</Extensions>
    </Filter>
    <Filter Include="Header Files">
      <UniqueIdentifier>{93995380-89BD-4b04-88EB-625FBE52EBFB}</UniqueIdentifier>
      <Extensions>h;hpp;hxx;hm;inl;inc;xsd</Extensions>
    </Filter>
    <Filter Include="Resource Files">
      <UniqueIdentifier>{67DA6AB6-F800-4c08-8B7A-83BB121AAD01}</UniqueIdentifier>
      <Extensions>rc;ico;cur;bmp;dlg;rc2;rct;bin;rgs;gif;jpg;jpeg;jpe;resx</Extensions>
    </Filter>
  </ItemGroup>
  <ItemGroup>
    <ClCompile Include="src\BVH.cpp">
      <Filter>Source Files</Filter>
    </ClCompile>
    <ClCompile Include="src\CashedBoxFiles.cxx">
      <Filter>Source Files</Filter>
    </ClCompile>
    <ClCompile Include="src\Defines.cxx">
      <Filter>Source Files</Filter>
    </ClCompile>
    <ClCompile Include="src\Files.cxx">
      <Filter>Source Files</Filter>
    </ClCompile>
    <ClCompile Include="src\kDTree.cpp">
      <Filter>Source Files</Filter>
    </ClCompile>
    <ClCompile Include="src\LoggerImplementationFileout.cpp">
      <Filter>Source Files</Filter>
    </ClCompile>
    <ClCompile Include="src\LoggerImplementationStdout.cpp">
      <Filter>Source Files</Filter>
    </ClCompile>
    <ClCompile Include="src\LogManager.cpp">
      <Filter>Source Files</Filter>
    </ClCompile>
    <ClCompile Include="src\main.cpp">
      <Filter>Source Files</Filter>
    </ClCompile>
    <ClCompile Include="src\MeshReader.cxx">
      <Filter>Source Files</Filter>
    </ClCompile>
    <ClCompile Include="src\OptionManager.cpp">
      <Filter>Source Files</Filter>
    </ClCompile>
    <ClCompile Include="src\OutOfCoreTree.cpp">
      <Filter>Source Files</Filter>
    </ClCompile>
    <ClCompile Include="src\Point.cxx">
      <Filter>Source Files</Filter>
    </ClCompile>
    <ClCompile Include="src\Progression.cxx">
      <Filter>Source Files</Filter>
    </ClCompile>
    <ClCompile Include="src\Random.cpp">
      <Filter>Source Files</Filter>
    </ClCompile>
    <ClCompile Include="src\VoxelBVH.cpp">
      <Filter>Source Files</Filter>
    </ClCompile>
    <ClCompile Include="src\VoxelkDTree.cpp">
      <Filter>Source Files</Filter>
    </ClCompile>
    <ClCompile Include="src\OutOfCoreTreeSmall.cpp">
      <Filter>Source Files</Filter>
    </ClCompile>
    <ClCompile Include="src\ply.c">
      <Filter>Source Files</Filter>
    </ClCompile>
    <ClCompile Include="src\OBJLoader.cpp">
      <Filter>Source Files</Filter>
    </ClCompile>
  </ItemGroup>
  <ItemGroup>
    <ClInclude Include="include\vec3f.hpp">
      <Filter>Source Files</Filter>
    </ClInclude>
    <ClInclude Include="include\App.h">
      <Filter>Header Files</Filter>
    </ClInclude>
    <ClInclude Include="include\Box.h">
      <Filter>Header Files</Filter>
    </ClInclude>
    <ClInclude Include="include\BufferedOutputs.h">
      <Filter>Header Files</Filter>
    </ClInclude>
    <ClInclude Include="include\BVH.h">
      <Filter>Header Files</Filter>
    </ClInclude>
    <ClInclude Include="src\BVHNodeDefine.h">
      <Filter>Header Files</Filter>
    </ClInclude>
    <ClInclude Include="src\BVHNodeDefineQ.h">
      <Filter>Header Files</Filter>
    </ClInclude>
    <ClInclude Include="include\CashedBoxFiles.h">
      <Filter>Header Files</Filter>
    </ClInclude>
    <ClInclude Include="include\common.h">
      <Filter>Header Files</Filter>
    </ClInclude>
    <ClInclude Include="include\Defines.h">
      <Filter>Header Files</Filter>
    </ClInclude>
    <ClInclude Include="include\Files.h">
      <Filter>Header Files</Filter>
    </ClInclude>
    <ClInclude Include="include\Grid.h">
      <Filter>Header Files</Filter>
    </ClInclude>
    <ClInclude Include="include\helpers.h">
      <Filter>Header Files</Filter>
    </ClInclude>
    <ClInclude Include="include\IndexPair.h">
      <Filter>Header Files</Filter>
    </ClInclude>
    <ClInclude Include="src\integercompressor_new.h">
      <Filter>Header Files</Filter>
    </ClInclude>
    <ClInclude Include="include\kDTree.h">
      <Filter>Header Files</Filter>
    </ClInclude>
    <ClInclude Include="src\LOD_header.h">
      <Filter>Header Files</Filter>
    </ClInclude>
    <ClInclude Include="include\Logger.h">
      <Filter>Header Files</Filter>
    </ClInclude>
    <ClInclude Include="include\LoggerImplementation.h">
      <Filter>Header Files</Filter>
    </ClInclude>
    <ClInclude Include="include\LoggerImplementationFileout.h">
      <Filter>Header Files</Filter>
    </ClInclude>
    <ClInclude Include="include\LoggerImplementationStdout.h">
      <Filter>Header Files</Filter>
    </ClInclude>
    <ClInclude Include="include\LogManager.h">
      <Filter>Header Files</Filter>
    </ClInclude>
    <ClInclude Include="include\Material.h">
      <Filter>Header Files</Filter>
    </ClInclude>
    <ClInclude Include="include\MaterialBitmapTexture.h">
      <Filter>Header Files</Filter>
    </ClInclude>
    <ClInclude Include="include\MaterialDiffuse.h">
      <Filter>Header Files</Filter>
    </ClInclude>
    <ClInclude Include="include\MaterialEmitter.h">
      <Filter>Header Files</Filter>
    </ClInclude>
    <ClInclude Include="include\Materials.h">
      <Filter>Header Files</Filter>
    </ClInclude>
    <ClInclude Include="include\MaterialSolidNoise.h">
      <Filter>Header Files</Filter>
    </ClInclude>
    <ClInclude Include="include\MaterialSpecular.h">
      <Filter>Header Files</Filter>
    </ClInclude>
    <ClInclude Include="include\mathdefs.h">
      <Filter>Header Files</Filter>
    </ClInclude>
    <ClInclude Include="include\MeshReader.h">
      <Filter>Header Files</Filter>
    </ClInclude>
    <ClInclude Include="src\mydefs.h">
      <Filter>Header Files</Filter>
    </ClInclude>
    <ClInclude Include="src\OOC_PCA.h">
      <Filter>Header Files</Filter>
    </ClInclude>
    <ClInclude Include="src\OOCFile.h">
      <Filter>Header Files</Filter>
    </ClInclude>
    <ClInclude Include="src\OOCFile64.h">
      <Filter>Header Files</Filter>
    </ClInclude>
    <ClInclude Include="src\OoCTreeAccess.h">
      <Filter>Header Files</Filter>
    </ClInclude>
    <ClInclude Include="include\OptionManager.h">
      <Filter>Header Files</Filter>
    </ClInclude>
    <ClInclude Include="include\OutOfCoreTree.h">
      <Filter>Header Files</Filter>
    </ClInclude>
    <ClInclude Include="include\Point.h">
      <Filter>Header Files</Filter>
    </ClInclude>
    <ClInclude Include="src\positionquantizer_new.h">
      <Filter>Header Files</Filter>
    </ClInclude>
    <ClInclude Include="include\Progression.h">
      <Filter>Header Files</Filter>
    </ClInclude>
    <ClInclude Include="include\Ray.h">
      <Filter>Header Files</Filter>
    </ClInclude>
    <ClInclude Include="include\Triangle.h">
      <Filter>Header Files</Filter>
    </ClInclude>
    <ClInclude Include="include\TriBoxIntersect.hpp">
      <Filter>Header Files</Filter>
    </ClInclude>
    <ClInclude Include="include\Vector3.h">
      <Filter>Header Files</Filter>
    </ClInclude>
    <ClInclude Include="include\VoxelBVH.h">
      <Filter>Header Files</Filter>
    </ClInclude>
    <ClInclude Include="include\VoxelkDTree.h">
      <Filter>Header Files</Filter>
    </ClInclude>
    <ClInclude Include="Common\OOCFile6464.h">
      <Filter>Header Files</Filter>
    </ClInclude>
    <ClInclude Include="include\OBJLoader.h">
      <Filter>Header Files</Filter>
    </ClInclude>
  </ItemGroup>
  <ItemGroup>
    <None Include="options.xml">
      <Filter>Resource Files</Filter>
    </None>
  </ItemGroup>
</Project>